// !$*UTF8*$!
{
	archiveVersion = 1;
	classes = {
	};
	objectVersion = 46;
	objects = {

/* Begin PBXBuildFile section */
		F4CBA6B71C364EFF00A22E81 /* AppDelegate.swift in Sources */ = {isa = PBXBuildFile; fileRef = F4CBA6B61C364EFF00A22E81 /* AppDelegate.swift */; };
		F4CBA6B91C364EFF00A22E81 /* ViewController.swift in Sources */ = {isa = PBXBuildFile; fileRef = F4CBA6B81C364EFF00A22E81 /* ViewController.swift */; };
		F4CBA6BC1C364EFF00A22E81 /* Main.storyboard in Resources */ = {isa = PBXBuildFile; fileRef = F4CBA6BA1C364EFF00A22E81 /* Main.storyboard */; };
		F4CBA6BE1C364EFF00A22E81 /* Assets.xcassets in Resources */ = {isa = PBXBuildFile; fileRef = F4CBA6BD1C364EFF00A22E81 /* Assets.xcassets */; };
		F4CBA6C11C364EFF00A22E81 /* LaunchScreen.storyboard in Resources */ = {isa = PBXBuildFile; fileRef = F4CBA6BF1C364EFF00A22E81 /* LaunchScreen.storyboard */; };
/* End PBXBuildFile section */

/* Begin PBXFileReference section */
		F4CBA6B31C364EFF00A22E81 /* Twitter Instant.app */ = {isa = PBXFileReference; explicitFileType = wrapper.application; includeInIndex = 0; path = "Twitter Instant.app"; sourceTree = BUILT_PRODUCTS_DIR; };
		F4CBA6B61C364EFF00A22E81 /* AppDelegate.swift */ = {isa = PBXFileReference; lastKnownFileType = sourcecode.swift; path = AppDelegate.swift; sourceTree = "<group>"; };
		F4CBA6B81C364EFF00A22E81 /* ViewController.swift */ = {isa = PBXFileReference; lastKnownFileType = sourcecode.swift; path = ViewController.swift; sourceTree = "<group>"; };
		F4CBA6BB1C364EFF00A22E81 /* Base */ = {isa = PBXFileReference; lastKnownFileType = file.storyboard; name = Base; path = Base.lproj/Main.storyboard; sourceTree = "<group>"; };
		F4CBA6BD1C364EFF00A22E81 /* Assets.xcassets */ = {isa = PBXFileReference; lastKnownFileType = folder.assetcatalog; path = Assets.xcassets; sourceTree = "<group>"; };
		F4CBA6C01C364EFF00A22E81 /* Base */ = {isa = PBXFileReference; lastKnownFileType = file.storyboard; name = Base; path = Base.lproj/LaunchScreen.storyboard; sourceTree = "<group>"; };
		F4CBA6C21C364EFF00A22E81 /* Info.plist */ = {isa = PBXFileReference; lastKnownFileType = text.plist.xml; path = Info.plist; sourceTree = "<group>"; };
/* End PBXFileReference section */

/* Begin PBXFrameworksBuildPhase section */
		F4CBA6B01C364EFF00A22E81 /* Frameworks */ = {
			isa = PBXFrameworksBuildPhase;
			buildActionMask = 2147483647;
			files = (
			);
			runOnlyForDeploymentPostprocessing = 0;
		};
/* End PBXFrameworksBuildPhase section */

/* Begin PBXGroup section */
		F4CBA6AA1C364EFF00A22E81 = {
			isa = PBXGroup;
			children = (
				F4CBA6B51C364EFF00A22E81 /* Twitter Instant */,
				F4CBA6B41C364EFF00A22E81 /* Products */,
			);
			sourceTree = "<group>";
		};
		F4CBA6B41C364EFF00A22E81 /* Products */ = {
			isa = PBXGroup;
			children = (
				F4CBA6B31C364EFF00A22E81 /* Twitter Instant.app */,
			);
			name = Products;
			sourceTree = "<group>";
		};
		F4CBA6B51C364EFF00A22E81 /* Twitter Instant */ = {
			isa = PBXGroup;
			children = (
				F4CBA6B61C364EFF00A22E81 /* AppDelegate.swift */,
				F4CBA6B81C364EFF00A22E81 /* ViewController.swift */,
				F4CBA6BA1C364EFF00A22E81 /* Main.storyboard */,
				F4CBA6BD1C364EFF00A22E81 /* Assets.xcassets */,
				F4CBA6BF1C364EFF00A22E81 /* LaunchScreen.storyboard */,
				F4CBA6C21C364EFF00A22E81 /* Info.plist */,
			);
			path = "Twitter Instant";
			sourceTree = "<group>";
		};
/* End PBXGroup section */

/* Begin PBXNativeTarget section */
		F4CBA6B21C364EFF00A22E81 /* Twitter Instant */ = {
			isa = PBXNativeTarget;
			buildConfigurationList = F4CBA6C51C364EFF00A22E81 /* Build configuration list for PBXNativeTarget "Twitter Instant" */;
			buildPhases = (
				F4CBA6AF1C364EFF00A22E81 /* Sources */,
				F4CBA6B01C364EFF00A22E81 /* Frameworks */,
				F4CBA6B11C364EFF00A22E81 /* Resources */,
			);
			buildRules = (
			);
			dependencies = (
			);
			name = "Twitter Instant";
			productName = "Twitter Instant";
			productReference = F4CBA6B31C364EFF00A22E81 /* Twitter Instant.app */;
			productType = "com.apple.product-type.application";
		};
/* End PBXNativeTarget section */

/* Begin PBXProject section */
		F4CBA6AB1C364EFF00A22E81 /* Project object */ = {
			isa = PBXProject;
			attributes = {
				LastSwiftUpdateCheck = 0720;
				LastUpgradeCheck = 0720;
				ORGANIZATIONNAME = "Reactive Cocoa";
				TargetAttributes = {
					F4CBA6B21C364EFF00A22E81 = {
						CreatedOnToolsVersion = 7.2;
					};
				};
			};
			buildConfigurationList = F4CBA6AE1C364EFF00A22E81 /* Build configuration list for PBXProject "Twitter Instant" */;
			compatibilityVersion = "Xcode 3.2";
			developmentRegion = English;
			hasScannedForEncodings = 0;
			knownRegions = (
				en,
				Base,
			);
			mainGroup = F4CBA6AA1C364EFF00A22E81;
			productRefGroup = F4CBA6B41C364EFF00A22E81 /* Products */;
			projectDirPath = "";
			projectRoot = "";
			targets = (
				F4CBA6B21C364EFF00A22E81 /* Twitter Instant */,
			);
		};
/* End PBXProject section */

/* Begin PBXResourcesBuildPhase section */
		F4CBA6B11C364EFF00A22E81 /* Resources */ = {
			isa = PBXResourcesBuildPhase;
			buildActionMask = 2147483647;
			files = (
				F4CBA6C11C364EFF00A22E81 /* LaunchScreen.storyboard in Resources */,
				F4CBA6BE1C364EFF00A22E81 /* Assets.xcassets in Resources */,
				F4CBA6BC1C364EFF00A22E81 /* Main.storyboard in Resources */,
			);
			runOnlyForDeploymentPostprocessing = 0;
		};
/* End PBXResourcesBuildPhase section */

/* Begin PBXSourcesBuildPhase section */
		F4CBA6AF1C364EFF00A22E81 /* Sources */ = {
			isa = PBXSourcesBuildPhase;
			buildActionMask = 2147483647;
			files = (
				F4CBA6B91C364EFF00A22E81 /* ViewController.swift in Sources */,
				F4CBA6B71C364EFF00A22E81 /* AppDelegate.swift in Sources */,
			);
			runOnlyForDeploymentPostprocessing = 0;
		};
/* End PBXSourcesBuildPhase section */

/* Begin PBXVariantGroup section */
		F4CBA6BA1C364EFF00A22E81 /* Main.storyboard */ = {
			isa = PBXVariantGroup;
			children = (
				F4CBA6BB1C364EFF00A22E81 /* Base */,
			);
			name = Main.storyboard;
			sourceTree = "<group>";
		};
		F4CBA6BF1C364EFF00A22E81 /* LaunchScreen.storyboard */ = {
			isa = PBXVariantGroup;
			children = (
				F4CBA6C01C364EFF00A22E81 /* Base */,
			);
			name = LaunchScreen.storyboard;
			sourceTree = "<group>";
		};
/* End PBXVariantGroup section */

/* Begin XCBuildConfiguration section */
		F4CBA6C31C364EFF00A22E81 /* Debug */ = {
			isa = XCBuildConfiguration;
			buildSettings = {
				ALWAYS_SEARCH_USER_PATHS = NO;
				CLANG_CXX_LANGUAGE_STANDARD = "gnu++0x";
				CLANG_CXX_LIBRARY = "libc++";
				CLANG_ENABLE_MODULES = YES;
				CLANG_ENABLE_OBJC_ARC = YES;
				CLANG_WARN_BOOL_CONVERSION = YES;
				CLANG_WARN_CONSTANT_CONVERSION = YES;
				CLANG_WARN_DIRECT_OBJC_ISA_USAGE = YES_ERROR;
				CLANG_WARN_EMPTY_BODY = YES;
				CLANG_WARN_ENUM_CONVERSION = YES;
				CLANG_WARN_INT_CONVERSION = YES;
				CLANG_WARN_OBJC_ROOT_CLASS = YES_ERROR;
				CLANG_WARN_UNREACHABLE_CODE = YES;
				CLANG_WARN__DUPLICATE_METHOD_MATCH = YES;
				"CODE_SIGN_IDENTITY[sdk=iphoneos*]" = "iPhone Developer";
				COPY_PHASE_STRIP = NO;
				DEBUG_INFORMATION_FORMAT = dwarf;
				ENABLE_STRICT_OBJC_MSGSEND = YES;
				ENABLE_TESTABILITY = YES;
				GCC_C_LANGUAGE_STANDARD = gnu99;
				GCC_DYNAMIC_NO_PIC = NO;
				GCC_NO_COMMON_BLOCKS = YES;
				GCC_OPTIMIZATION_LEVEL = 0;
				GCC_PREPROCESSOR_DEFINITIONS = (
					"DEBUG=1",
					"$(inherited)",
				);
				GCC_WARN_64_TO_32_BIT_CONVERSION = YES;
				GCC_WARN_ABOUT_RETURN_TYPE = YES_ERROR;
				GCC_WARN_UNDECLARED_SELECTOR = YES;
				GCC_WARN_UNINITIALIZED_AUTOS = YES_AGGRESSIVE;
				GCC_WARN_UNUSED_FUNCTION = YES;
				GCC_WARN_UNUSED_VARIABLE = YES;
				IPHONEOS_DEPLOYMENT_TARGET = 9.2;
				MTL_ENABLE_DEBUG_INFO = YES;
				ONLY_ACTIVE_ARCH = YES;
				SDKROOT = iphoneos;
				SWIFT_OPTIMIZATION_LEVEL = "-Onone";
				TARGETED_DEVICE_FAMILY = 2;
			};
			name = Debug;
		};
		F4CBA6C41C364EFF00A22E81 /* Release */ = {
			isa = XCBuildConfiguration;
			buildSettings = {
				ALWAYS_SEARCH_USER_PATHS = NO;
				CLANG_CXX_LANGUAGE_STANDARD = "gnu++0x";
				CLANG_CXX_LIBRARY = "libc++";
				CLANG_ENABLE_MODULES = YES;
				CLANG_ENABLE_OBJC_ARC = YES;
				CLANG_WARN_BOOL_CONVERSION = YES;
				CLANG_WARN_CONSTANT_CONVERSION = YES;
				CLANG_WARN_DIRECT_OBJC_ISA_USAGE = YES_ERROR;
				CLANG_WARN_EMPTY_BODY = YES;
				CLANG_WARN_ENUM_CONVERSION = YES;
				CLANG_WARN_INT_CONVERSION = YES;
				CLANG_WARN_OBJC_ROOT_CLASS = YES_ERROR;
				CLANG_WARN_UNREACHABLE_CODE = YES;
				CLANG_WARN__DUPLICATE_METHOD_MATCH = YES;
				"CODE_SIGN_IDENTITY[sdk=iphoneos*]" = "iPhone Developer";
				COPY_PHASE_STRIP = NO;
				DEBUG_INFORMATION_FORMAT = "dwarf-with-dsym";
				ENABLE_NS_ASSERTIONS = NO;
				ENABLE_STRICT_OBJC_MSGSEND = YES;
				GCC_C_LANGUAGE_STANDARD = gnu99;
				GCC_NO_COMMON_BLOCKS = YES;
				GCC_WARN_64_TO_32_BIT_CONVERSION = YES;
				GCC_WARN_ABOUT_RETURN_TYPE = YES_ERROR;
				GCC_WARN_UNDECLARED_SELECTOR = YES;
				GCC_WARN_UNINITIALIZED_AUTOS = YES_AGGRESSIVE;
				GCC_WARN_UNUSED_FUNCTION = YES;
				GCC_WARN_UNUSED_VARIABLE = YES;
				IPHONEOS_DEPLOYMENT_TARGET = 9.2;
				MTL_ENABLE_DEBUG_INFO = NO;
				SDKROOT = iphoneos;
				TARGETED_DEVICE_FAMILY = 2;
				VALIDATE_PRODUCT = YES;
			};
			name = Release;
		};
		F4CBA6C61C364EFF00A22E81 /* Debug */ = {
			isa = XCBuildConfiguration;
			buildSettings = {
				ASSETCATALOG_COMPILER_APPICON_NAME = AppIcon;
				INFOPLIST_FILE = "Twitter Instant/Info.plist";
				LD_RUNPATH_SEARCH_PATHS = "$(inherited) @executable_path/Frameworks";
				PRODUCT_BUNDLE_IDENTIFIER = "com.reactivecocoa.Twitter-Instant";
				PRODUCT_NAME = "$(TARGET_NAME)";
			};
			name = Debug;
		};
		F4CBA6C71C364EFF00A22E81 /* Release */ = {
			isa = XCBuildConfiguration;
			buildSettings = {
				ASSETCATALOG_COMPILER_APPICON_NAME = AppIcon;
				INFOPLIST_FILE = "Twitter Instant/Info.plist";
				LD_RUNPATH_SEARCH_PATHS = "$(inherited) @executable_path/Frameworks";
				PRODUCT_BUNDLE_IDENTIFIER = "com.reactivecocoa.Twitter-Instant";
				PRODUCT_NAME = "$(TARGET_NAME)";
			};
			name = Release;
		};
/* End XCBuildConfiguration section */

/* Begin XCConfigurationList section */
		F4CBA6AE1C364EFF00A22E81 /* Build configuration list for PBXProject "Twitter Instant" */ = {
			isa = XCConfigurationList;
			buildConfigurations = (
				F4CBA6C31C364EFF00A22E81 /* Debug */,
				F4CBA6C41C364EFF00A22E81 /* Release */,
			);
			defaultConfigurationIsVisible = 0;
			defaultConfigurationName = Release;
		};
		F4CBA6C51C364EFF00A22E81 /* Build configuration list for PBXNativeTarget "Twitter Instant" */ = {
			isa = XCConfigurationList;
			buildConfigurations = (
				F4CBA6C61C364EFF00A22E81 /* Debug */,
				F4CBA6C71C364EFF00A22E81 /* Release */,
			);
			defaultConfigurationIsVisible = 0;
		};
/* End XCConfigurationList section */
	};
	rootObject = F4CBA6AB1C364EFF00A22E81 /* Project object */;
}
